// !$*UTF8*$!
{
	archiveVersion = 1;
	classes = {
	};
	objectVersion = 55;
	objects = {

/* Begin PBXBuildFile section */
		0BF7E8FA271F1F360050402E /* AppDelegate.swift in Sources */ = {isa = PBXBuildFile; fileRef = 0BF7E8F9271F1F360050402E /* AppDelegate.swift */; };
		0BF7E8FC271F1F360050402E /* SceneDelegate.swift in Sources */ = {isa = PBXBuildFile; fileRef = 0BF7E8FB271F1F360050402E /* SceneDelegate.swift */; };
		0BF7E8FE271F1F360050402E /* ViewController.swift in Sources */ = {isa = PBXBuildFile; fileRef = 0BF7E8FD271F1F360050402E /* ViewController.swift */; };
		0BF7E901271F1F360050402E /* Main.storyboard in Resources */ = {isa = PBXBuildFile; fileRef = 0BF7E8FF271F1F360050402E /* Main.storyboard */; };
		0BF7E903271F1F380050402E /* Assets.xcassets in Resources */ = {isa = PBXBuildFile; fileRef = 0BF7E902271F1F380050402E /* Assets.xcassets */; };
		0BF7E906271F1F380050402E /* LaunchScreen.storyboard in Resources */ = {isa = PBXBuildFile; fileRef = 0BF7E904271F1F380050402E /* LaunchScreen.storyboard */; };
		0BF7E910271F21130050402E /* PersonCell.swift in Sources */ = {isa = PBXBuildFile; fileRef = 0BF7E90F271F21130050402E /* PersonCell.swift */; };
		0BF7E912271F30CD0050402E /* Person.swift in Sources */ = {isa = PBXBuildFile; fileRef = 0BF7E911271F30CD0050402E /* Person.swift */; };
/* End PBXBuildFile section */

/* Begin PBXFileReference section */
		0BF7E8F6271F1F360050402E /* project_10.app */ = {isa = PBXFileReference; explicitFileType = wrapper.application; includeInIndex = 0; path = project_10.app; sourceTree = BUILT_PRODUCTS_DIR; };
		0BF7E8F9271F1F360050402E /* AppDelegate.swift */ = {isa = PBXFileReference; lastKnownFileType = sourcecode.swift; path = AppDelegate.swift; sourceTree = "<group>"; };
		0BF7E8FB271F1F360050402E /* SceneDelegate.swift */ = {isa = PBXFileReference; lastKnownFileType = sourcecode.swift; path = SceneDelegate.swift; sourceTree = "<group>"; };
		0BF7E8FD271F1F360050402E /* ViewController.swift */ = {isa = PBXFileReference; lastKnownFileType = sourcecode.swift; path = ViewController.swift; sourceTree = "<group>"; };
		0BF7E900271F1F360050402E /* Base */ = {isa = PBXFileReference; lastKnownFileType = file.storyboard; name = Base; path = Base.lproj/Main.storyboard; sourceTree = "<group>"; };
		0BF7E902271F1F380050402E /* Assets.xcassets */ = {isa = PBXFileReference; lastKnownFileType = folder.assetcatalog; path = Assets.xcassets; sourceTree = "<group>"; };
		0BF7E905271F1F380050402E /* Base */ = {isa = PBXFileReference; lastKnownFileType = file.storyboard; name = Base; path = Base.lproj/LaunchScreen.storyboard; sourceTree = "<group>"; };
		0BF7E907271F1F380050402E /* Info.plist */ = {isa = PBXFileReference; lastKnownFileType = text.plist.xml; path = Info.plist; sourceTree = "<group>"; };
		0BF7E90F271F21130050402E /* PersonCell.swift */ = {isa = PBXFileReference; lastKnownFileType = sourcecode.swift; path = PersonCell.swift; sourceTree = "<group>"; };
		0BF7E911271F30CD0050402E /* Person.swift */ = {isa = PBXFileReference; lastKnownFileType = sourcecode.swift; path = Person.swift; sourceTree = "<group>"; };
/* End PBXFileReference section */

/* Begin PBXFrameworksBuildPhase section */
		0BF7E8F3271F1F360050402E /* Frameworks */ = {
			isa = PBXFrameworksBuildPhase;
			buildActionMask = 2147483647;
			files = (
			);
			runOnlyForDeploymentPostprocessing = 0;
		};
/* End PBXFrameworksBuildPhase section */

/* Begin PBXGroup section */
		0BF7E8ED271F1F360050402E = {
			isa = PBXGroup;
			children = (
				0BF7E8F8271F1F360050402E /* project_10 */,
				0BF7E8F7271F1F360050402E /* Products */,
			);
			sourceTree = "<group>";
		};
		0BF7E8F7271F1F360050402E /* Products */ = {
			isa = PBXGroup;
			children = (
				0BF7E8F6271F1F360050402E /* project_10.app */,
			);
			name = Products;
			sourceTree = "<group>";
		};
		0BF7E8F8271F1F360050402E /* project_10 */ = {
			isa = PBXGroup;
			children = (
				0BF7E8F9271F1F360050402E /* AppDelegate.swift */,
				0BF7E8FB271F1F360050402E /* SceneDelegate.swift */,
				0BF7E8FD271F1F360050402E /* ViewController.swift */,
				0BF7E8FF271F1F360050402E /* Main.storyboard */,
				0BF7E902271F1F380050402E /* Assets.xcassets */,
				0BF7E904271F1F380050402E /* LaunchScreen.storyboard */,
				0BF7E907271F1F380050402E /* Info.plist */,
				0BF7E90F271F21130050402E /* PersonCell.swift */,
				0BF7E911271F30CD0050402E /* Person.swift */,
			);
			path = project_10;
			sourceTree = "<group>";
		};
/* End PBXGroup section */

/* Begin PBXNativeTarget section */
		0BF7E8F5271F1F360050402E /* project_10 */ = {
			isa = PBXNativeTarget;
			buildConfigurationList = 0BF7E90A271F1F380050402E /* Build configuration list for PBXNativeTarget "project_10" */;
			buildPhases = (
				0BF7E8F2271F1F360050402E /* Sources */,
				0BF7E8F3271F1F360050402E /* Frameworks */,
				0BF7E8F4271F1F360050402E /* Resources */,
			);
			buildRules = (
			);
			dependencies = (
			);
			name = project_10;
			productName = project_10;
			productReference = 0BF7E8F6271F1F360050402E /* project_10.app */;
			productType = "com.apple.product-type.application";
		};
/* End PBXNativeTarget section */

/* Begin PBXProject section */
		0BF7E8EE271F1F360050402E /* Project object */ = {
			isa = PBXProject;
			attributes = {
				BuildIndependentTargetsInParallel = 1;
				LastSwiftUpdateCheck = 1300;
				LastUpgradeCheck = 1300;
				TargetAttributes = {
					0BF7E8F5271F1F360050402E = {
						CreatedOnToolsVersion = 13.0;
					};
				};
			};
			buildConfigurationList = 0BF7E8F1271F1F360050402E /* Build configuration list for PBXProject "project_10" */;
			compatibilityVersion = "Xcode 13.0";
			developmentRegion = en;
			hasScannedForEncodings = 0;
			knownRegions = (
				en,
				Base,
			);
			mainGroup = 0BF7E8ED271F1F360050402E;
			productRefGroup = 0BF7E8F7271F1F360050402E /* Products */;
			projectDirPath = "";
			projectRoot = "";
			targets = (
				0BF7E8F5271F1F360050402E /* project_10 */,
			);
		};
/* End PBXProject section */

/* Begin PBXResourcesBuildPhase section */
		0BF7E8F4271F1F360050402E /* Resources */ = {
			isa = PBXResourcesBuildPhase;
			buildActionMask = 2147483647;
			files = (
				0BF7E906271F1F380050402E /* LaunchScreen.storyboard in Resources */,
				0BF7E903271F1F380050402E /* Assets.xcassets in Resources */,
				0BF7E901271F1F360050402E /* Main.storyboard in Resources */,
			);
			runOnlyForDeploymentPostprocessing = 0;
		};
/* End PBXResourcesBuildPhase section */

/* Begin PBXSourcesBuildPhase section */
		0BF7E8F2271F1F360050402E /* Sources */ = {
			isa = PBXSourcesBuildPhase;
			buildActionMask = 2147483647;
			files = (
				0BF7E912271F30CD0050402E /* Person.swift in Sources */,
				0BF7E8FE271F1F360050402E /* ViewController.swift in Sources */,
				0BF7E8FA271F1F360050402E /* AppDelegate.swift in Sources */,
				0BF7E8FC271F1F360050402E /* SceneDelegate.swift in Sources */,
				0BF7E910271F21130050402E /* PersonCell.swift in Sources */,
			);
			runOnlyForDeploymentPostprocessing = 0;
		};
/* End PBXSourcesBuildPhase section */

/* Begin PBXVariantGroup section */
		0BF7E8FF271F1F360050402E /* Main.storyboard */ = {
			isa = PBXVariantGroup;
			children = (
				0BF7E900271F1F360050402E /* Base */,
			);
			name = Main.storyboard;
			sourceTree = "<group>";
		};
		0BF7E904271F1F380050402E /* LaunchScreen.storyboard */ = {
			isa = PBXVariantGroup;
			children = (
				0BF7E905271F1F380050402E /* Base */,
			);
			name = LaunchScreen.storyboard;
			sourceTree = "<group>";
		};
/* End PBXVariantGroup section */

/* Begin XCBuildConfiguration section */
		0BF7E908271F1F380050402E /* Debug */ = {
			isa = XCBuildConfiguration;
			buildSettings = {
				ALWAYS_SEARCH_USER_PATHS = NO;
				CLANG_ANALYZER_NONNULL = YES;
				CLANG_ANALYZER_NUMBER_OBJECT_CONVERSION = YES_AGGRESSIVE;
				CLANG_CXX_LANGUAGE_STANDARD = "gnu++17";
				CLANG_CXX_LIBRARY = "libc++";
				CLANG_ENABLE_MODULES = YES;
				CLANG_ENABLE_OBJC_ARC = YES;
				CLANG_ENABLE_OBJC_WEAK = YES;
				CLANG_WARN_BLOCK_CAPTURE_AUTORELEASING = YES;
				CLANG_WARN_BOOL_CONVERSION = YES;
				CLANG_WARN_COMMA = YES;
				CLANG_WARN_CONSTANT_CONVERSION = YES;
				CLANG_WARN_DEPRECATED_OBJC_IMPLEMENTATIONS = YES;
				CLANG_WARN_DIRECT_OBJC_ISA_USAGE = YES_ERROR;
				CLANG_WARN_DOCUMENTATION_COMMENTS = YES;
				CLANG_WARN_EMPTY_BODY = YES;
				CLANG_WARN_ENUM_CONVERSION = YES;
				CLANG_WARN_INFINITE_RECURSION = YES;
				CLANG_WARN_INT_CONVERSION = YES;
				CLANG_WARN_NON_LITERAL_NULL_CONVERSION = YES;
				CLANG_WARN_OBJC_IMPLICIT_RETAIN_SELF = YES;
				CLANG_WARN_OBJC_LITERAL_CONVERSION = YES;
				CLANG_WARN_OBJC_ROOT_CLASS = YES_ERROR;
				CLANG_WARN_QUOTED_INCLUDE_IN_FRAMEWORK_HEADER = YES;
				CLANG_WARN_RANGE_LOOP_ANALYSIS = YES;
				CLANG_WARN_STRICT_PROTOTYPES = YES;
				CLANG_WARN_SUSPICIOUS_MOVE = YES;
				CLANG_WARN_UNGUARDED_AVAILABILITY = YES_AGGRESSIVE;
				CLANG_WARN_UNREACHABLE_CODE = YES;
				CLANG_WARN__DUPLICATE_METHOD_MATCH = YES;
				COPY_PHASE_STRIP = NO;
				DEBUG_INFORMATION_FORMAT = dwarf;
				ENABLE_STRICT_OBJC_MSGSEND = YES;
				ENABLE_TESTABILITY = YES;
				GCC_C_LANGUAGE_STANDARD = gnu11;
				GCC_DYNAMIC_NO_PIC = NO;
				GCC_NO_COMMON_BLOCKS = YES;
				GCC_OPTIMIZATION_LEVEL = 0;
				GCC_PREPROCESSOR_DEFINITIONS = (
					"DEBUG=1",
					"$(inherited)",
				);
				GCC_WARN_64_TO_32_BIT_CONVERSION = YES;
				GCC_WARN_ABOUT_RETURN_TYPE = YES_ERROR;
				GCC_WARN_UNDECLARED_SELECTOR = YES;
				GCC_WARN_UNINITIALIZED_AUTOS = YES_AGGRESSIVE;
				GCC_WARN_UNUSED_FUNCTION = YES;
				GCC_WARN_UNUSED_VARIABLE = YES;
				IPHONEOS_DEPLOYMENT_TARGET = 15.0;
				MTL_ENABLE_DEBUG_INFO = INCLUDE_SOURCE;
				MTL_FAST_MATH = YES;
				ONLY_ACTIVE_ARCH = YES;
				SDKROOT = iphoneos;
				SWIFT_ACTIVE_COMPILATION_CONDITIONS = DEBUG;
				SWIFT_OPTIMIZATION_LEVEL = "-Onone";
			};
			name = Debug;
		};
		0BF7E909271F1F380050402E /* Release */ = {
			isa = XCBuildConfiguration;
			buildSettings = {
				ALWAYS_SEARCH_USER_PATHS = NO;
				CLANG_ANALYZER_NONNULL = YES;
				CLANG_ANALYZER_NUMBER_OBJECT_CONVERSION = YES_AGGRESSIVE;
				CLANG_CXX_LANGUAGE_STANDARD = "gnu++17";
				CLANG_CXX_LIBRARY = "libc++";
				CLANG_ENABLE_MODULES = YES;
				CLANG_ENABLE_OBJC_ARC = YES;
				CLANG_ENABLE_OBJC_WEAK = YES;
				CLANG_WARN_BLOCK_CAPTURE_AUTORELEASING = YES;
				CLANG_WARN_BOOL_CONVERSION = YES;
				CLANG_WARN_COMMA = YES;
				CLANG_WARN_CONSTANT_CONVERSION = YES;
				CLANG_WARN_DEPRECATED_OBJC_IMPLEMENTATIONS = YES;
				CLANG_WARN_DIRECT_OBJC_ISA_USAGE = YES_ERROR;
				CLANG_WARN_DOCUMENTATION_COMMENTS = YES;
				CLANG_WARN_EMPTY_BODY = YES;
				CLANG_WARN_ENUM_CONVERSION = YES;
				CLANG_WARN_INFINITE_RECURSION = YES;
				CLANG_WARN_INT_CONVERSION = YES;
				CLANG_WARN_NON_LITERAL_NULL_CONVERSION = YES;
				CLANG_WARN_OBJC_IMPLICIT_RETAIN_SELF = YES;
				CLANG_WARN_OBJC_LITERAL_CONVERSION = YES;
				CLANG_WARN_OBJC_ROOT_CLASS = YES_ERROR;
				CLANG_WARN_QUOTED_INCLUDE_IN_FRAMEWORK_HEADER = YES;
				CLANG_WARN_RANGE_LOOP_ANALYSIS = YES;
				CLANG_WARN_STRICT_PROTOTYPES = YES;
				CLANG_WARN_SUSPICIOUS_MOVE = YES;
				CLANG_WARN_UNGUARDED_AVAILABILITY = YES_AGGRESSIVE;
				CLANG_WARN_UNREACHABLE_CODE = YES;
				CLANG_WARN__DUPLICATE_METHOD_MATCH = YES;
				COPY_PHASE_STRIP = NO;
				DEBUG_INFORMATION_FORMAT = "dwarf-with-dsym";
				ENABLE_NS_ASSERTIONS = NO;
				ENABLE_STRICT_OBJC_MSGSEND = YES;
				GCC_C_LANGUAGE_STANDARD = gnu11;
				GCC_NO_COMMON_BLOCKS = YES;
				GCC_WARN_64_TO_32_BIT_CONVERSION = YES;
				GCC_WARN_ABOUT_RETURN_TYPE = YES_ERROR;
				GCC_WARN_UNDECLARED_SELECTOR = YES;
				GCC_WARN_UNINITIALIZED_AUTOS = YES_AGGRESSIVE;
				GCC_WARN_UNUSED_FUNCTION = YES;
				GCC_WARN_UNUSED_VARIABLE = YES;
				IPHONEOS_DEPLOYMENT_TARGET = 15.0;
				MTL_ENABLE_DEBUG_INFO = NO;
				MTL_FAST_MATH = YES;
				SDKROOT = iphoneos;
				SWIFT_COMPILATION_MODE = wholemodule;
				SWIFT_OPTIMIZATION_LEVEL = "-O";
				VALIDATE_PRODUCT = YES;
			};
			name = Release;
		};
		0BF7E90B271F1F380050402E /* Debug */ = {
			isa = XCBuildConfiguration;
			buildSettings = {
				ASSETCATALOG_COMPILER_APPICON_NAME = AppIcon;
				ASSETCATALOG_COMPILER_GLOBAL_ACCENT_COLOR_NAME = AccentColor;
				CODE_SIGN_STYLE = Automatic;
				CURRENT_PROJECT_VERSION = 1;
				DEVELOPMENT_TEAM = 7JT2JB89AV;
				GENERATE_INFOPLIST_FILE = YES;
				INFOPLIST_FILE = project_10/Info.plist;
				INFOPLIST_KEY_UIApplicationSupportsIndirectInputEvents = YES;
				INFOPLIST_KEY_UILaunchStoryboardName = LaunchScreen;
				INFOPLIST_KEY_UIMainStoryboardFile = Main;
				INFOPLIST_KEY_UISupportedInterfaceOrientations_iPad = "UIInterfaceOrientationPortrait UIInterfaceOrientationPortraitUpsideDown UIInterfaceOrientationLandscapeLeft UIInterfaceOrientationLandscapeRight";
				INFOPLIST_KEY_UISupportedInterfaceOrientations_iPhone = "UIInterfaceOrientationPortrait UIInterfaceOrientationLandscapeLeft UIInterfaceOrientationLandscapeRight";
				LD_RUNPATH_SEARCH_PATHS = (
					"$(inherited)",
					"@executable_path/Frameworks",
				);
				MARKETING_VERSION = 1.0;
				PRODUCT_BUNDLE_IDENTIFIER = "com.jacob.project-10";
				PRODUCT_NAME = "$(TARGET_NAME)";
				SWIFT_EMIT_LOC_STRINGS = YES;
				SWIFT_VERSION = 5.0;
				TARGETED_DEVICE_FAMILY = "1,2";
			};
			name = Debug;
		};
		0BF7E90C271F1F380050402E /* Release */ = {
			isa = XCBuildConfiguration;
			buildSettings = {
				ASSETCATALOG_COMPILER_APPICON_NAME = AppIcon;
				ASSETCATALOG_COMPILER_GLOBAL_ACCENT_COLOR_NAME = AccentColor;
				CODE_SIGN_STYLE = Automatic;
				CURRENT_PROJECT_VERSION = 1;
				DEVELOPMENT_TEAM = 7JT2JB89AV;
				GENERATE_INFOPLIST_FILE = YES;
				INFOPLIST_FILE = project_10/Info.plist;
				INFOPLIST_KEY_UIApplicationSupportsIndirectInputEvents = YES;
				INFOPLIST_KEY_UILaunchStoryboardName = LaunchScreen;
				INFOPLIST_KEY_UIMainStoryboardFile = Main;
				INFOPLIST_KEY_UISupportedInterfaceOrientations_iPad = "UIInterfaceOrientationPortrait UIInterfaceOrientationPortraitUpsideDown UIInterfaceOrientationLandscapeLeft UIInterfaceOrientationLandscapeRight";
				INFOPLIST_KEY_UISupportedInterfaceOrientations_iPhone = "UIInterfaceOrientationPortrait UIInterfaceOrientationLandscapeLeft UIInterfaceOrientationLandscapeRight";
				LD_RUNPATH_SEARCH_PATHS = (
					"$(inherited)",
					"@executable_path/Frameworks",
				);
				MARKETING_VERSION = 1.0;
				PRODUCT_BUNDLE_IDENTIFIER = "com.jacob.project-10";
				PRODUCT_NAME = "$(TARGET_NAME)";
				SWIFT_EMIT_LOC_STRINGS = YES;
				SWIFT_VERSION = 5.0;
				TARGETED_DEVICE_FAMILY = "1,2";
			};
			name = Release;
		};
/* End XCBuildConfiguration section */

/* Begin XCConfigurationList section */
		0BF7E8F1271F1F360050402E /* Build configuration list for PBXProject "project_10" */ = {
			isa = XCConfigurationList;
			buildConfigurations = (
				0BF7E908271F1F380050402E /* Debug */,
				0BF7E909271F1F380050402E /* Release */,
			);
			defaultConfigurationIsVisible = 0;
			defaultConfigurationName = Release;
		};
		0BF7E90A271F1F380050402E /* Build configuration list for PBXNativeTarget "project_10" */ = {
			isa = XCConfigurationList;
			buildConfigurations = (
				0BF7E90B271F1F380050402E /* Debug */,
				0BF7E90C271F1F380050402E /* Release */,
			);
			defaultConfigurationIsVisible = 0;
			defaultConfigurationName = Release;
		};
/* End XCConfigurationList section */
	};
	rootObject = 0BF7E8EE271F1F360050402E /* Project object */;
}
