// !$*UTF8*$!
{
	archiveVersion = 1;
	classes = {
	};
	objectVersion = 55;
	objects = {

/* Begin PBXBuildFile section */
		0BF312AF2721C05F00D61FF8 /* AppDelegate.swift in Sources */ = {isa = PBXBuildFile; fileRef = 0BF312AE2721C05F00D61FF8 /* AppDelegate.swift */; };
		0BF312B12721C05F00D61FF8 /* GameScene.sks in Resources */ = {isa = PBXBuildFile; fileRef = 0BF312B02721C05F00D61FF8 /* GameScene.sks */; };
		0BF312B52721C05F00D61FF8 /* GameScene.swift in Sources */ = {isa = PBXBuildFile; fileRef = 0BF312B42721C05F00D61FF8 /* GameScene.swift */; };
		0BF312B72721C05F00D61FF8 /* GameViewController.swift in Sources */ = {isa = PBXBuildFile; fileRef = 0BF312B62721C05F00D61FF8 /* GameViewController.swift */; };
		0BF312BA2721C05F00D61FF8 /* Main.storyboard in Resources */ = {isa = PBXBuildFile; fileRef = 0BF312B82721C05F00D61FF8 /* Main.storyboard */; };
		0BF312BC2721C05F00D61FF8 /* Assets.xcassets in Resources */ = {isa = PBXBuildFile; fileRef = 0BF312BB2721C05F00D61FF8 /* Assets.xcassets */; };
		0BF312BF2721C05F00D61FF8 /* LaunchScreen.storyboard in Resources */ = {isa = PBXBuildFile; fileRef = 0BF312BD2721C05F00D61FF8 /* LaunchScreen.storyboard */; };
		0BF312C82721C29200D61FF8 /* WhackSlot.swift in Sources */ = {isa = PBXBuildFile; fileRef = 0BF312C72721C29200D61FF8 /* WhackSlot.swift */; };
		0BF312CA2721D4A800D61FF8 /* MudParticle.sks in Resources */ = {isa = PBXBuildFile; fileRef = 0BF312C92721D4A800D61FF8 /* MudParticle.sks */; };
		0BF312D02721DC6C00D61FF8 /* SmokeParticle.sks in Resources */ = {isa = PBXBuildFile; fileRef = 0BF312CF2721DC6C00D61FF8 /* SmokeParticle.sks */; };
		0BF312D12721DE8E00D61FF8 /* whack.caf in Resources */ = {isa = PBXBuildFile; fileRef = 0BF312C52721C0F400D61FF8 /* whack.caf */; };
		0BF312D22721DE9100D61FF8 /* whackBad.caf in Resources */ = {isa = PBXBuildFile; fileRef = 0BF312C62721C0F400D61FF8 /* whackBad.caf */; };
/* End PBXBuildFile section */

/* Begin PBXFileReference section */
		0BF312AB2721C05F00D61FF8 /* project_14.app */ = {isa = PBXFileReference; explicitFileType = wrapper.application; includeInIndex = 0; path = project_14.app; sourceTree = BUILT_PRODUCTS_DIR; };
		0BF312AE2721C05F00D61FF8 /* AppDelegate.swift */ = {isa = PBXFileReference; lastKnownFileType = sourcecode.swift; path = AppDelegate.swift; sourceTree = "<group>"; };
		0BF312B02721C05F00D61FF8 /* GameScene.sks */ = {isa = PBXFileReference; lastKnownFileType = file.sks; path = GameScene.sks; sourceTree = "<group>"; };
		0BF312B42721C05F00D61FF8 /* GameScene.swift */ = {isa = PBXFileReference; lastKnownFileType = sourcecode.swift; path = GameScene.swift; sourceTree = "<group>"; };
		0BF312B62721C05F00D61FF8 /* GameViewController.swift */ = {isa = PBXFileReference; lastKnownFileType = sourcecode.swift; path = GameViewController.swift; sourceTree = "<group>"; };
		0BF312B92721C05F00D61FF8 /* Base */ = {isa = PBXFileReference; lastKnownFileType = file.storyboard; name = Base; path = Base.lproj/Main.storyboard; sourceTree = "<group>"; };
		0BF312BB2721C05F00D61FF8 /* Assets.xcassets */ = {isa = PBXFileReference; lastKnownFileType = folder.assetcatalog; path = Assets.xcassets; sourceTree = "<group>"; };
		0BF312BE2721C05F00D61FF8 /* Base */ = {isa = PBXFileReference; lastKnownFileType = file.storyboard; name = Base; path = Base.lproj/LaunchScreen.storyboard; sourceTree = "<group>"; };
		0BF312C52721C0F400D61FF8 /* whack.caf */ = {isa = PBXFileReference; lastKnownFileType = file; path = whack.caf; sourceTree = "<group>"; };
		0BF312C62721C0F400D61FF8 /* whackBad.caf */ = {isa = PBXFileReference; lastKnownFileType = file; path = whackBad.caf; sourceTree = "<group>"; };
		0BF312C72721C29200D61FF8 /* WhackSlot.swift */ = {isa = PBXFileReference; lastKnownFileType = sourcecode.swift; path = WhackSlot.swift; sourceTree = "<group>"; };
		0BF312C92721D4A800D61FF8 /* MudParticle.sks */ = {isa = PBXFileReference; lastKnownFileType = file.sks; path = MudParticle.sks; sourceTree = "<group>"; };
		0BF312CF2721DC6C00D61FF8 /* SmokeParticle.sks */ = {isa = PBXFileReference; lastKnownFileType = file.sks; path = SmokeParticle.sks; sourceTree = "<group>"; };
/* End PBXFileReference section */

/* Begin PBXFrameworksBuildPhase section */
		0BF312A82721C05F00D61FF8 /* Frameworks */ = {
			isa = PBXFrameworksBuildPhase;
			buildActionMask = 2147483647;
			files = (
			);
			runOnlyForDeploymentPostprocessing = 0;
		};
/* End PBXFrameworksBuildPhase section */

/* Begin PBXGroup section */
		0BF312A22721C05F00D61FF8 = {
			isa = PBXGroup;
			children = (
				0BF312AD2721C05F00D61FF8 /* project_14 */,
				0BF312AC2721C05F00D61FF8 /* Products */,
			);
			sourceTree = "<group>";
		};
		0BF312AC2721C05F00D61FF8 /* Products */ = {
			isa = PBXGroup;
			children = (
				0BF312AB2721C05F00D61FF8 /* project_14.app */,
			);
			name = Products;
			sourceTree = "<group>";
		};
		0BF312AD2721C05F00D61FF8 /* project_14 */ = {
			isa = PBXGroup;
			children = (
				0BF312AE2721C05F00D61FF8 /* AppDelegate.swift */,
				0BF312B02721C05F00D61FF8 /* GameScene.sks */,
				0BF312B42721C05F00D61FF8 /* GameScene.swift */,
				0BF312B62721C05F00D61FF8 /* GameViewController.swift */,
				0BF312B82721C05F00D61FF8 /* Main.storyboard */,
				0BF312BB2721C05F00D61FF8 /* Assets.xcassets */,
				0BF312BD2721C05F00D61FF8 /* LaunchScreen.storyboard */,
				0BF312C52721C0F400D61FF8 /* whack.caf */,
				0BF312C62721C0F400D61FF8 /* whackBad.caf */,
				0BF312C72721C29200D61FF8 /* WhackSlot.swift */,
				0BF312C92721D4A800D61FF8 /* MudParticle.sks */,
				0BF312CF2721DC6C00D61FF8 /* SmokeParticle.sks */,
			);
			path = project_14;
			sourceTree = "<group>";
		};
/* End PBXGroup section */

/* Begin PBXNativeTarget section */
		0BF312AA2721C05F00D61FF8 /* project_14 */ = {
			isa = PBXNativeTarget;
			buildConfigurationList = 0BF312C22721C05F00D61FF8 /* Build configuration list for PBXNativeTarget "project_14" */;
			buildPhases = (
				0BF312A72721C05F00D61FF8 /* Sources */,
				0BF312A82721C05F00D61FF8 /* Frameworks */,
				0BF312A92721C05F00D61FF8 /* Resources */,
			);
			buildRules = (
			);
			dependencies = (
			);
			name = project_14;
			productName = project_14;
			productReference = 0BF312AB2721C05F00D61FF8 /* project_14.app */;
			productType = "com.apple.product-type.application";
		};
/* End PBXNativeTarget section */

/* Begin PBXProject section */
		0BF312A32721C05F00D61FF8 /* Project object */ = {
			isa = PBXProject;
			attributes = {
				BuildIndependentTargetsInParallel = 1;
				LastSwiftUpdateCheck = 1300;
				LastUpgradeCheck = 1300;
				TargetAttributes = {
					0BF312AA2721C05F00D61FF8 = {
						CreatedOnToolsVersion = 13.0;
					};
				};
			};
			buildConfigurationList = 0BF312A62721C05F00D61FF8 /* Build configuration list for PBXProject "project_14" */;
			compatibilityVersion = "Xcode 13.0";
			developmentRegion = en;
			hasScannedForEncodings = 0;
			knownRegions = (
				en,
				Base,
			);
			mainGroup = 0BF312A22721C05F00D61FF8;
			productRefGroup = 0BF312AC2721C05F00D61FF8 /* Products */;
			projectDirPath = "";
			projectRoot = "";
			targets = (
				0BF312AA2721C05F00D61FF8 /* project_14 */,
			);
		};
/* End PBXProject section */

/* Begin PBXResourcesBuildPhase section */
		0BF312A92721C05F00D61FF8 /* Resources */ = {
			isa = PBXResourcesBuildPhase;
			buildActionMask = 2147483647;
			files = (
				0BF312BA2721C05F00D61FF8 /* Main.storyboard in Resources */,
				0BF312B12721C05F00D61FF8 /* GameScene.sks in Resources */,
				0BF312D02721DC6C00D61FF8 /* SmokeParticle.sks in Resources */,
				0BF312CA2721D4A800D61FF8 /* MudParticle.sks in Resources */,
				0BF312BC2721C05F00D61FF8 /* Assets.xcassets in Resources */,
				0BF312BF2721C05F00D61FF8 /* LaunchScreen.storyboard in Resources */,
				0BF312D12721DE8E00D61FF8 /* whack.caf in Resources */,
				0BF312D22721DE9100D61FF8 /* whackBad.caf in Resources */,
			);
			runOnlyForDeploymentPostprocessing = 0;
		};
/* End PBXResourcesBuildPhase section */

/* Begin PBXSourcesBuildPhase section */
		0BF312A72721C05F00D61FF8 /* Sources */ = {
			isa = PBXSourcesBuildPhase;
			buildActionMask = 2147483647;
			files = (
				0BF312B52721C05F00D61FF8 /* GameScene.swift in Sources */,
				0BF312B72721C05F00D61FF8 /* GameViewController.swift in Sources */,
				0BF312C82721C29200D61FF8 /* WhackSlot.swift in Sources */,
				0BF312AF2721C05F00D61FF8 /* AppDelegate.swift in Sources */,
			);
			runOnlyForDeploymentPostprocessing = 0;
		};
/* End PBXSourcesBuildPhase section */

/* Begin PBXVariantGroup section */
		0BF312B82721C05F00D61FF8 /* Main.storyboard */ = {
			isa = PBXVariantGroup;
			children = (
				0BF312B92721C05F00D61FF8 /* Base */,
			);
			name = Main.storyboard;
			sourceTree = "<group>";
		};
		0BF312BD2721C05F00D61FF8 /* LaunchScreen.storyboard */ = {
			isa = PBXVariantGroup;
			children = (
				0BF312BE2721C05F00D61FF8 /* Base */,
			);
			name = LaunchScreen.storyboard;
			sourceTree = "<group>";
		};
/* End PBXVariantGroup section */

/* Begin XCBuildConfiguration section */
		0BF312C02721C05F00D61FF8 /* Debug */ = {
			isa = XCBuildConfiguration;
			buildSettings = {
				ALWAYS_SEARCH_USER_PATHS = NO;
				CLANG_ANALYZER_NONNULL = YES;
				CLANG_ANALYZER_NUMBER_OBJECT_CONVERSION = YES_AGGRESSIVE;
				CLANG_CXX_LANGUAGE_STANDARD = "gnu++17";
				CLANG_CXX_LIBRARY = "libc++";
				CLANG_ENABLE_MODULES = YES;
				CLANG_ENABLE_OBJC_ARC = YES;
				CLANG_ENABLE_OBJC_WEAK = YES;
				CLANG_WARN_BLOCK_CAPTURE_AUTORELEASING = YES;
				CLANG_WARN_BOOL_CONVERSION = YES;
				CLANG_WARN_COMMA = YES;
				CLANG_WARN_CONSTANT_CONVERSION = YES;
				CLANG_WARN_DEPRECATED_OBJC_IMPLEMENTATIONS = YES;
				CLANG_WARN_DIRECT_OBJC_ISA_USAGE = YES_ERROR;
				CLANG_WARN_DOCUMENTATION_COMMENTS = YES;
				CLANG_WARN_EMPTY_BODY = YES;
				CLANG_WARN_ENUM_CONVERSION = YES;
				CLANG_WARN_INFINITE_RECURSION = YES;
				CLANG_WARN_INT_CONVERSION = YES;
				CLANG_WARN_NON_LITERAL_NULL_CONVERSION = YES;
				CLANG_WARN_OBJC_IMPLICIT_RETAIN_SELF = YES;
				CLANG_WARN_OBJC_LITERAL_CONVERSION = YES;
				CLANG_WARN_OBJC_ROOT_CLASS = YES_ERROR;
				CLANG_WARN_QUOTED_INCLUDE_IN_FRAMEWORK_HEADER = YES;
				CLANG_WARN_RANGE_LOOP_ANALYSIS = YES;
				CLANG_WARN_STRICT_PROTOTYPES = YES;
				CLANG_WARN_SUSPICIOUS_MOVE = YES;
				CLANG_WARN_UNGUARDED_AVAILABILITY = YES_AGGRESSIVE;
				CLANG_WARN_UNREACHABLE_CODE = YES;
				CLANG_WARN__DUPLICATE_METHOD_MATCH = YES;
				COPY_PHASE_STRIP = NO;
				DEBUG_INFORMATION_FORMAT = dwarf;
				ENABLE_STRICT_OBJC_MSGSEND = YES;
				ENABLE_TESTABILITY = YES;
				GCC_C_LANGUAGE_STANDARD = gnu11;
				GCC_DYNAMIC_NO_PIC = NO;
				GCC_NO_COMMON_BLOCKS = YES;
				GCC_OPTIMIZATION_LEVEL = 0;
				GCC_PREPROCESSOR_DEFINITIONS = (
					"DEBUG=1",
					"$(inherited)",
				);
				GCC_WARN_64_TO_32_BIT_CONVERSION = YES;
				GCC_WARN_ABOUT_RETURN_TYPE = YES_ERROR;
				GCC_WARN_UNDECLARED_SELECTOR = YES;
				GCC_WARN_UNINITIALIZED_AUTOS = YES_AGGRESSIVE;
				GCC_WARN_UNUSED_FUNCTION = YES;
				GCC_WARN_UNUSED_VARIABLE = YES;
				IPHONEOS_DEPLOYMENT_TARGET = 15.0;
				MTL_ENABLE_DEBUG_INFO = INCLUDE_SOURCE;
				MTL_FAST_MATH = YES;
				ONLY_ACTIVE_ARCH = YES;
				SDKROOT = iphoneos;
				SWIFT_ACTIVE_COMPILATION_CONDITIONS = DEBUG;
				SWIFT_OPTIMIZATION_LEVEL = "-Onone";
			};
			name = Debug;
		};
		0BF312C12721C05F00D61FF8 /* Release */ = {
			isa = XCBuildConfiguration;
			buildSettings = {
				ALWAYS_SEARCH_USER_PATHS = NO;
				CLANG_ANALYZER_NONNULL = YES;
				CLANG_ANALYZER_NUMBER_OBJECT_CONVERSION = YES_AGGRESSIVE;
				CLANG_CXX_LANGUAGE_STANDARD = "gnu++17";
				CLANG_CXX_LIBRARY = "libc++";
				CLANG_ENABLE_MODULES = YES;
				CLANG_ENABLE_OBJC_ARC = YES;
				CLANG_ENABLE_OBJC_WEAK = YES;
				CLANG_WARN_BLOCK_CAPTURE_AUTORELEASING = YES;
				CLANG_WARN_BOOL_CONVERSION = YES;
				CLANG_WARN_COMMA = YES;
				CLANG_WARN_CONSTANT_CONVERSION = YES;
				CLANG_WARN_DEPRECATED_OBJC_IMPLEMENTATIONS = YES;
				CLANG_WARN_DIRECT_OBJC_ISA_USAGE = YES_ERROR;
				CLANG_WARN_DOCUMENTATION_COMMENTS = YES;
				CLANG_WARN_EMPTY_BODY = YES;
				CLANG_WARN_ENUM_CONVERSION = YES;
				CLANG_WARN_INFINITE_RECURSION = YES;
				CLANG_WARN_INT_CONVERSION = YES;
				CLANG_WARN_NON_LITERAL_NULL_CONVERSION = YES;
				CLANG_WARN_OBJC_IMPLICIT_RETAIN_SELF = YES;
				CLANG_WARN_OBJC_LITERAL_CONVERSION = YES;
				CLANG_WARN_OBJC_ROOT_CLASS = YES_ERROR;
				CLANG_WARN_QUOTED_INCLUDE_IN_FRAMEWORK_HEADER = YES;
				CLANG_WARN_RANGE_LOOP_ANALYSIS = YES;
				CLANG_WARN_STRICT_PROTOTYPES = YES;
				CLANG_WARN_SUSPICIOUS_MOVE = YES;
				CLANG_WARN_UNGUARDED_AVAILABILITY = YES_AGGRESSIVE;
				CLANG_WARN_UNREACHABLE_CODE = YES;
				CLANG_WARN__DUPLICATE_METHOD_MATCH = YES;
				COPY_PHASE_STRIP = NO;
				DEBUG_INFORMATION_FORMAT = "dwarf-with-dsym";
				ENABLE_NS_ASSERTIONS = NO;
				ENABLE_STRICT_OBJC_MSGSEND = YES;
				GCC_C_LANGUAGE_STANDARD = gnu11;
				GCC_NO_COMMON_BLOCKS = YES;
				GCC_WARN_64_TO_32_BIT_CONVERSION = YES;
				GCC_WARN_ABOUT_RETURN_TYPE = YES_ERROR;
				GCC_WARN_UNDECLARED_SELECTOR = YES;
				GCC_WARN_UNINITIALIZED_AUTOS = YES_AGGRESSIVE;
				GCC_WARN_UNUSED_FUNCTION = YES;
				GCC_WARN_UNUSED_VARIABLE = YES;
				IPHONEOS_DEPLOYMENT_TARGET = 15.0;
				MTL_ENABLE_DEBUG_INFO = NO;
				MTL_FAST_MATH = YES;
				SDKROOT = iphoneos;
				SWIFT_COMPILATION_MODE = wholemodule;
				SWIFT_OPTIMIZATION_LEVEL = "-O";
				VALIDATE_PRODUCT = YES;
			};
			name = Release;
		};
		0BF312C32721C05F00D61FF8 /* Debug */ = {
			isa = XCBuildConfiguration;
			buildSettings = {
				ASSETCATALOG_COMPILER_APPICON_NAME = AppIcon;
				ASSETCATALOG_COMPILER_GLOBAL_ACCENT_COLOR_NAME = AccentColor;
				CODE_SIGN_STYLE = Automatic;
				CURRENT_PROJECT_VERSION = 1;
				DEVELOPMENT_TEAM = 7JT2JB89AV;
				GENERATE_INFOPLIST_FILE = YES;
				INFOPLIST_KEY_UIApplicationSupportsIndirectInputEvents = YES;
				INFOPLIST_KEY_UILaunchStoryboardName = LaunchScreen;
				INFOPLIST_KEY_UIMainStoryboardFile = Main;
				INFOPLIST_KEY_UIStatusBarHidden = YES;
				INFOPLIST_KEY_UISupportedInterfaceOrientations_iPad = "UIInterfaceOrientationLandscapeLeft UIInterfaceOrientationLandscapeRight";
				INFOPLIST_KEY_UISupportedInterfaceOrientations_iPhone = "UIInterfaceOrientationPortrait UIInterfaceOrientationLandscapeLeft UIInterfaceOrientationLandscapeRight";
				LD_RUNPATH_SEARCH_PATHS = (
					"$(inherited)",
					"@executable_path/Frameworks",
				);
				MARKETING_VERSION = 1.0;
				PRODUCT_BUNDLE_IDENTIFIER = "com.jacob.project-14";
				PRODUCT_NAME = "$(TARGET_NAME)";
				SWIFT_EMIT_LOC_STRINGS = YES;
				SWIFT_VERSION = 5.0;
				TARGETED_DEVICE_FAMILY = 2;
			};
			name = Debug;
		};
		0BF312C42721C05F00D61FF8 /* Release */ = {
			isa = XCBuildConfiguration;
			buildSettings = {
				ASSETCATALOG_COMPILER_APPICON_NAME = AppIcon;
				ASSETCATALOG_COMPILER_GLOBAL_ACCENT_COLOR_NAME = AccentColor;
				CODE_SIGN_STYLE = Automatic;
				CURRENT_PROJECT_VERSION = 1;
				DEVELOPMENT_TEAM = 7JT2JB89AV;
				GENERATE_INFOPLIST_FILE = YES;
				INFOPLIST_KEY_UIApplicationSupportsIndirectInputEvents = YES;
				INFOPLIST_KEY_UILaunchStoryboardName = LaunchScreen;
				INFOPLIST_KEY_UIMainStoryboardFile = Main;
				INFOPLIST_KEY_UIStatusBarHidden = YES;
				INFOPLIST_KEY_UISupportedInterfaceOrientations_iPad = "UIInterfaceOrientationLandscapeLeft UIInterfaceOrientationLandscapeRight";
				INFOPLIST_KEY_UISupportedInterfaceOrientations_iPhone = "UIInterfaceOrientationPortrait UIInterfaceOrientationLandscapeLeft UIInterfaceOrientationLandscapeRight";
				LD_RUNPATH_SEARCH_PATHS = (
					"$(inherited)",
					"@executable_path/Frameworks",
				);
				MARKETING_VERSION = 1.0;
				PRODUCT_BUNDLE_IDENTIFIER = "com.jacob.project-14";
				PRODUCT_NAME = "$(TARGET_NAME)";
				SWIFT_EMIT_LOC_STRINGS = YES;
				SWIFT_VERSION = 5.0;
				TARGETED_DEVICE_FAMILY = 2;
			};
			name = Release;
		};
/* End XCBuildConfiguration section */

/* Begin XCConfigurationList section */
		0BF312A62721C05F00D61FF8 /* Build configuration list for PBXProject "project_14" */ = {
			isa = XCConfigurationList;
			buildConfigurations = (
				0BF312C02721C05F00D61FF8 /* Debug */,
				0BF312C12721C05F00D61FF8 /* Release */,
			);
			defaultConfigurationIsVisible = 0;
			defaultConfigurationName = Release;
		};
		0BF312C22721C05F00D61FF8 /* Build configuration list for PBXNativeTarget "project_14" */ = {
			isa = XCConfigurationList;
			buildConfigurations = (
				0BF312C32721C05F00D61FF8 /* Debug */,
				0BF312C42721C05F00D61FF8 /* Release */,
			);
			defaultConfigurationIsVisible = 0;
			defaultConfigurationName = Release;
		};
/* End XCConfigurationList section */
	};
	rootObject = 0BF312A32721C05F00D61FF8 /* Project object */;
}
